{
  "name": "howler",
  "version": "2.1.3",
  "lockfileVersion": 1,
  "requires": true,
  "dependencies": {
    "add": {
      "version": "2.0.6",
      "resolved": "https://registry.npmjs.org/add/-/add-2.0.6.tgz",
      "integrity": "sha1-JI8Kn25aUo7yKV2+7DBTITCuIjU="
    },
    "lerp": {
      "version": "1.0.3",
      "resolved": "https://registry.npmjs.org/lerp/-/lerp-1.0.3.tgz",
      "integrity": "sha1-oYyJaPkXiW3hXM/MKNVaa3Med24="
    },
    "or": {
      "version": "0.2.0",
      "resolved": "https://registry.npmjs.org/or/-/or-0.2.0.tgz",
      "integrity": "sha1-mQTqYeJZQ/k14g9PR0ngoUGoK2o="
    },
    "siriwave": {
      "version": "1.4.0",
      "resolved": "https://registry.npmjs.org/siriwave/-/siriwave-1.4.0.tgz",
      "integrity": "sha512-iPDZQ7CYENu00MFRN2iCSGDE/JOLqKZvt9r78p9Ybe/zRgxwR+QKoBm2uHlvT83wM+x5wUwYgWjO+bl+xuctRg==",
      "requires": {
        "lerp": "^1.0.3"
      }
    },
    "yarn": {
      "version": "1.22.4",
      "resolved": "https://registry.npmjs.org/yarn/-/yarn-1.22.4.tgz",
      "integrity": "sha512-oYM7hi/lIWm9bCoDMEWgffW8aiNZXCWeZ1/tGy0DWrN6vmzjCXIKu2Y21o8DYVBUtiktwKcNoxyGl/2iKLUNGA=="
    }
  }
}
